
Microsoft Visual Studio Solution File, Format Version 12.00
# Visual Studio 15
Project("{FAE04EC0-301F-11D3-BF4B-00C04F79EFBC}") = "opencosmos", "opencosmos.csproj", "{726097D4-D922-44A6-AC6B-6F5B725CDB9F}"
EndProject
Global
	GlobalSection(SolutionConfigurationPlatforms) = preSolution
		Debug|Any CPU = Debug|Any CPU
		Release|Any CPU = Release|Any CPU
	EndGlobalSection
	GlobalSection(ProjectConfigurationPlatforms) = postSolution
		{726097D4-D922-44A6-AC6B-6F5B725CDB9F}.Debug|Any CPU.ActiveCfg = Debug|Any CPU
		{726097D4-D922-44A6-AC6B-6F5B725CDB9F}.Debug|Any CPU.Build.0 = Debug|Any CPU
		{726097D4-D922-44A6-AC6B-6F5B725CDB9F}.Release|Any CPU.ActiveCfg = Release|Any CPU
		{726097D4-D922-44A6-AC6B-6F5B725CDB9F}.Release|Any CPU.Build.0 = Release|Any CPU
	EndGlobalSection
EndGlobal
